// !$*UTF8*$!
{
	archiveVersion = 1;
	classes = {
	};
	objectVersion = 77;
	objects = {

/* Begin PBXBuildFile section */
		029CDAAADF9AE9B75CD99D3E /* TripDetailViewModel.swift in Sources */ = {isa = PBXBuildFile; fileRef = 64A12C6D76A50997C8CA0800 /* TripDetailViewModel.swift */; };
		A1521002A1521002A1521002 /* TripSettingsViewModel.swift in Sources */ = {isa = PBXBuildFile; fileRef = A1521001A1521001A1521001 /* TripSettingsViewModel.swift */; };
		A1521004A1521004A1521004 /* TripSettingsView.swift in Sources */ = {isa = PBXBuildFile; fileRef = A1521003A1521003A1521003 /* TripSettingsView.swift */; };
		29D3494D521F4C16BC58B557 /* SwiftDataTripInfoRepository.swift in Sources */ = {isa = PBXBuildFile; fileRef = E9C6421A77A64F5F80685CCF /* SwiftDataTripInfoRepository.swift */; };
		32DAD796FAB34DAEA4F5967C /* TripInfoRepository.swift in Sources */ = {isa = PBXBuildFile; fileRef = BAC8548F710E447397C72613 /* TripInfoRepository.swift */; };
		5D501BCB2E8748B3B8AA7A56 /* TripInfo.swift in Sources */ = {isa = PBXBuildFile; fileRef = D1D446F9B50A4338800DE83A /* TripInfo.swift */; };
		A63BD6908E1F49388B028BBF /* TripInfoViewModel.swift in Sources */ = {isa = PBXBuildFile; fileRef = 8C4B276FE8F444A0929F2812 /* TripInfoViewModel.swift */; };
		F4C06C96E78F411CA3FBC387 /* TripInfoView.swift in Sources */ = {isa = PBXBuildFile; fileRef = A3F0FC88950C4E1D8BBA6C6B /* TripInfoView.swift */; };
		0C60AAD2AF89792CCCA7F97C /* TripSession.swift in Sources */ = {isa = PBXBuildFile; fileRef = F18C8E3DF2BAC53703E2E96B /* TripSession.swift */; };
		0DB060D4C6B1488D7C1D5B1C /* TripItemRepository.swift in Sources */ = {isa = PBXBuildFile; fileRef = A02A7347CFB68D84511C78D3 /* TripItemRepository.swift */; };
		0F6D19B39FDEDE13574FCA9E /* PackListApp.swift in Sources */ = {isa = PBXBuildFile; fileRef = B95D6D8FFFD3B47DCCE24824 /* PackListApp.swift */; };
		11F96F14846B00669D5CE485 /* ItemInsight.swift in Sources */ = {isa = PBXBuildFile; fileRef = C4635534DA022F06CB2DC68E /* ItemInsight.swift */; };
		197B7E87309A1669D45F8BDB /* NewTripView.swift in Sources */ = {isa = PBXBuildFile; fileRef = A782456B8A965F7C840C4C20 /* NewTripView.swift */; };
		20B1F59084706451335AEBA2 /* MasterItem.swift in Sources */ = {isa = PBXBuildFile; fileRef = 4E173319E9FA785CD701E449 /* MasterItem.swift */; };
		2134F7F6DABE2B7152515106 /* WeatherService.swift in Sources */ = {isa = PBXBuildFile; fileRef = 24D01AADFE4616BE261ABDCF /* WeatherService.swift */; };
		37662EC27A2F4D90991D2470 /* MasterListView.swift in Sources */ = {isa = PBXBuildFile; fileRef = A590D447816248599EE5DC11 /* MasterListView.swift */; };
		CC230001CC230001CC230001 /* AddMasterItemView.swift in Sources */ = {isa = PBXBuildFile; fileRef = CC230002CC230002CC230002 /* AddMasterItemView.swift */; };
		3C609348FADD98BE70EE2EB3 /* MasterItemRepository.swift in Sources */ = {isa = PBXBuildFile; fileRef = 4F742F88F875248408C54E06 /* MasterItemRepository.swift */; };
		41977EEBB0B361098BDFE9C0 /* ChecklistEngine.swift in Sources */ = {isa = PBXBuildFile; fileRef = 220BA469B114F4CA9F76D5B9 /* ChecklistEngine.swift */; };
		49C539B3EDBDF8214C8778B5 /* QuantityRule.swift in Sources */ = {isa = PBXBuildFile; fileRef = 64F46B8496E5A2B364C01053 /* QuantityRule.swift */; };
		4CB8BA6D88C0FFD1768A41F6 /* Enums.swift in Sources */ = {isa = PBXBuildFile; fileRef = 715129D87A24E63D4FA7F554 /* Enums.swift */; };
		4F1772C17B7DDF1963DD5D12 /* TripItem.swift in Sources */ = {isa = PBXBuildFile; fileRef = 4B392AB686CF4CA4FC72F3E6 /* TripItem.swift */; };
		51FE4F758881ACDC8BC76CC0 /* SwiftDataPendingSuggestionRepository.swift in Sources */ = {isa = PBXBuildFile; fileRef = 7EA7237A1890C8990BA9C852 /* SwiftDataPendingSuggestionRepository.swift */; };
		563A3D38A4411B2251956D40 /* SwiftDataTripItemRepository.swift in Sources */ = {isa = PBXBuildFile; fileRef = 8B0A40905C8329393E1D3AA5 /* SwiftDataTripItemRepository.swift */; };
		617F0F6F1AAE606CABE756E7 /* ItemInsightRepository.swift in Sources */ = {isa = PBXBuildFile; fileRef = B194C4473A49789ECED2D9EF /* ItemInsightRepository.swift */; };
		62BA8F8AD0522C440082E430 /* TripDetailView.swift in Sources */ = {isa = PBXBuildFile; fileRef = 41ECDB90C4FDC693C96EC06B /* TripDetailView.swift */; };
		BB151002BB151002BB151002 /* EditTripMetadataView.swift in Sources */ = {isa = PBXBuildFile; fileRef = BB151001BB151001BB151001 /* EditTripMetadataView.swift */; };
		651889942C79EB3911D85E4D /* ReplaceabilityRule.swift in Sources */ = {isa = PBXBuildFile; fileRef = CF3AFD96EBEB15D7D1FD2A37 /* ReplaceabilityRule.swift */; };
		6CAFB2A1EC1111E83BEAA99E /* PendingSuggestion.swift in Sources */ = {isa = PBXBuildFile; fileRef = 63B42C07F95BAEB97E313D96 /* PendingSuggestion.swift */; };
		6EAEE6A4EC973B50035A6384 /* ImportService.swift in Sources */ = {isa = PBXBuildFile; fileRef = 33CACB655272A95791F66BFF /* ImportService.swift */; };
		6F0C749F7F4FD16D7179E9F2 /* HomeViewModel.swift in Sources */ = {isa = PBXBuildFile; fileRef = D1207BA2945A0FAFFDEDA826 /* HomeViewModel.swift */; };
		6F53752846501D9650898894 /* RepositoryContainer.swift in Sources */ = {isa = PBXBuildFile; fileRef = DC8FE75F40765FAADB8A1176 /* RepositoryContainer.swift */; };
		7286832A86DDC4FD1E540B15 /* NewTripViewModel.swift in Sources */ = {isa = PBXBuildFile; fileRef = 5ECB5F8B386514C654BBE1E9 /* NewTripViewModel.swift */; };
		732C2F42D1A9F7532C162B9C /* PackListTests.swift in Sources */ = {isa = PBXBuildFile; fileRef = D3EE44A2859D10DC98A781DC /* PackListTests.swift */; };
		77B65949493F47DB89DE102E /* TasksTabView.swift in Sources */ = {isa = PBXBuildFile; fileRef = 9F469D2ED106426FADB30C94 /* TasksTabView.swift */; };
		79C7FC5697C79F9639F8BA72 /* HomeView.swift in Sources */ = {isa = PBXBuildFile; fileRef = A8024FC2863C181612B2B89A /* HomeView.swift */; };
		80D5B1FC5E6A40698A2706F7 /* ProfileView.swift in Sources */ = {isa = PBXBuildFile; fileRef = EF0551A5E4104DFAA7943999 /* ProfileView.swift */; };
		AA135002AA135002AA135002 /* ProfileViewModel.swift in Sources */ = {isa = PBXBuildFile; fileRef = AA135001AA135001AA135001 /* ProfileViewModel.swift */; };
		98E56A316F147171C2A4B7CC /* PendingSuggestionRepository.swift in Sources */ = {isa = PBXBuildFile; fileRef = 3D5D1649BA80085AB9AE5112 /* PendingSuggestionRepository.swift */; };
		9BB754CBC6E719F3411F7F17 /* master_items.json in Resources */ = {isa = PBXBuildFile; fileRef = 238B969C326344064ADA73EB /* master_items.json */; };
		AA117002AA117002AA117002 /* AddCustomItemView.swift in Sources */ = {isa = PBXBuildFile; fileRef = AA117001AA117001AA117001 /* AddCustomItemView.swift */; };
		CC220002CC220002CC220002 /* EditPackingItemView.swift in Sources */ = {isa = PBXBuildFile; fileRef = CC220001CC220001CC220001 /* EditPackingItemView.swift */; };
		ADB0AFFA130248A8BA1065D0 /* PackingTabView.swift in Sources */ = {isa = PBXBuildFile; fileRef = FBA09BC8731D4BB79F402BF7 /* PackingTabView.swift */; };
		C2709F4DD7122B9B2E051E7E /* SwiftDataMasterItemRepository.swift in Sources */ = {isa = PBXBuildFile; fileRef = 2B0049C3396D34C32E9C1B5A /* SwiftDataMasterItemRepository.swift */; };
		C69B9B68F4E3A51AFCDFF16D /* Assets.xcassets in Resources */ = {isa = PBXBuildFile; fileRef = 93C413942B93D93169C6F781 /* Assets.xcassets */; };
		CE50DED818D50F946D8C0F8C /* ChecklistEngineTests.swift in Sources */ = {isa = PBXBuildFile; fileRef = 0A9DD7B960ABB165BAD88227 /* ChecklistEngineTests.swift */; };
		BB10000200000000000000001 /* ViewModelTests.swift in Sources */ = {isa = PBXBuildFile; fileRef = BB10000100000000000000001 /* ViewModelTests.swift */; };
		BB200002BB200002BB200002 /* MasterListViewModel.swift in Sources */ = {isa = PBXBuildFile; fileRef = BB200001BB200001BB200001 /* MasterListViewModel.swift */; };
		BC300002BC300002BC300002 /* OnboardingViewModel.swift in Sources */ = {isa = PBXBuildFile; fileRef = BC300001BC300001BC300001 /* OnboardingViewModel.swift */; };
		BC300004BC300004BC300004 /* OnboardingView.swift in Sources */ = {isa = PBXBuildFile; fileRef = BC300003BC300003BC300003 /* OnboardingView.swift */; };
		D5E00EBF68E8B422F4564A5C /* ContentView.swift in Sources */ = {isa = PBXBuildFile; fileRef = 76ADB60C49104044689AF712 /* ContentView.swift */; };
		DA8B3A345FFA9B0C8893EF2F /* TripSessionRepository.swift in Sources */ = {isa = PBXBuildFile; fileRef = 11D2DC008310A0B5751D2B6D /* TripSessionRepository.swift */; };
		E0B9B67C3CA1BD6BA979FF3C /* SwiftDataItemInsightRepository.swift in Sources */ = {isa = PBXBuildFile; fileRef = E578BE0C4491E2CE40D78899 /* SwiftDataItemInsightRepository.swift */; };
		F17B532DFDBBD86410B81069 /* SwiftDataTripSessionRepository.swift in Sources */ = {isa = PBXBuildFile; fileRef = 4C981BFB10A6C71F74907257 /* SwiftDataTripSessionRepository.swift */; };
		AA000004000000000000001 /* PackListSchemaV1.swift in Sources */ = {isa = PBXBuildFile; fileRef = AA000001000000000000001 /* PackListSchemaV1.swift */; };
		AA000005000000000000001 /* PackListMigrationPlan.swift in Sources */ = {isa = PBXBuildFile; fileRef = AA000002000000000000001 /* PackListMigrationPlan.swift */; };
		EEEE0004EEEE0004EEEE0004 /* PackListUITests.swift in Sources */ = {isa = PBXBuildFile; fileRef = EEEE0002EEEE0002EEEE0002 /* PackListUITests.swift */; };
/* End PBXBuildFile section */

/* Begin PBXContainerItemProxy section */
		4AE2BBD6CB3A65CDB6D4706F /* PBXContainerItemProxy */ = {
			isa = PBXContainerItemProxy;
			containerPortal = CBD96379E0CF83212DDE5607 /* Project object */;
			proxyType = 1;
			remoteGlobalIDString = BBB2938114751309ACEF944A;
			remoteInfo = PackList;
		};
		EEEE0006EEEE0006EEEE0006 /* PBXContainerItemProxy */ = {
			isa = PBXContainerItemProxy;
			containerPortal = CBD96379E0CF83212DDE5607 /* Project object */;
			proxyType = 1;
			remoteGlobalIDString = BBB2938114751309ACEF944A;
			remoteInfo = PackList;
		};
/* End PBXContainerItemProxy section */

/* Begin PBXFileReference section */
		0A9DD7B960ABB165BAD88227 /* ChecklistEngineTests.swift */ = {isa = PBXFileReference; lastKnownFileType = sourcecode.swift; path = ChecklistEngineTests.swift; sourceTree = "<group>"; };
		BB10000100000000000000001 /* ViewModelTests.swift */ = {isa = PBXFileReference; lastKnownFileType = sourcecode.swift; path = ViewModelTests.swift; sourceTree = "<group>"; };
		8C4B276FE8F444A0929F2812 /* TripInfoViewModel.swift */ = {isa = PBXFileReference; lastKnownFileType = sourcecode.swift; path = TripInfoViewModel.swift; sourceTree = "<group>"; };
		A3F0FC88950C4E1D8BBA6C6B /* TripInfoView.swift */ = {isa = PBXFileReference; lastKnownFileType = sourcecode.swift; path = TripInfoView.swift; sourceTree = "<group>"; };
		BAC8548F710E447397C72613 /* TripInfoRepository.swift */ = {isa = PBXFileReference; lastKnownFileType = sourcecode.swift; path = TripInfoRepository.swift; sourceTree = "<group>"; };
		D1D446F9B50A4338800DE83A /* TripInfo.swift */ = {isa = PBXFileReference; lastKnownFileType = sourcecode.swift; path = TripInfo.swift; sourceTree = "<group>"; };
		E9C6421A77A64F5F80685CCF /* SwiftDataTripInfoRepository.swift */ = {isa = PBXFileReference; lastKnownFileType = sourcecode.swift; path = SwiftDataTripInfoRepository.swift; sourceTree = "<group>"; };
		11D2DC008310A0B5751D2B6D /* TripSessionRepository.swift */ = {isa = PBXFileReference; lastKnownFileType = sourcecode.swift; path = TripSessionRepository.swift; sourceTree = "<group>"; };
		220BA469B114F4CA9F76D5B9 /* ChecklistEngine.swift */ = {isa = PBXFileReference; lastKnownFileType = sourcecode.swift; path = ChecklistEngine.swift; sourceTree = "<group>"; };
		238B969C326344064ADA73EB /* master_items.json */ = {isa = PBXFileReference; lastKnownFileType = text.json; path = master_items.json; sourceTree = "<group>"; };
		24D01AADFE4616BE261ABDCF /* WeatherService.swift */ = {isa = PBXFileReference; lastKnownFileType = sourcecode.swift; path = WeatherService.swift; sourceTree = "<group>"; };
		2B0049C3396D34C32E9C1B5A /* SwiftDataMasterItemRepository.swift */ = {isa = PBXFileReference; lastKnownFileType = sourcecode.swift; path = SwiftDataMasterItemRepository.swift; sourceTree = "<group>"; };
		33CACB655272A95791F66BFF /* ImportService.swift */ = {isa = PBXFileReference; lastKnownFileType = sourcecode.swift; path = ImportService.swift; sourceTree = "<group>"; };
		3D5D1649BA80085AB9AE5112 /* PendingSuggestionRepository.swift */ = {isa = PBXFileReference; lastKnownFileType = sourcecode.swift; path = PendingSuggestionRepository.swift; sourceTree = "<group>"; };
		41ECDB90C4FDC693C96EC06B /* TripDetailView.swift */ = {isa = PBXFileReference; lastKnownFileType = sourcecode.swift; path = TripDetailView.swift; sourceTree = "<group>"; };
		BB151001BB151001BB151001 /* EditTripMetadataView.swift */ = {isa = PBXFileReference; lastKnownFileType = sourcecode.swift; path = EditTripMetadataView.swift; sourceTree = "<group>"; };
		4B392AB686CF4CA4FC72F3E6 /* TripItem.swift */ = {isa = PBXFileReference; lastKnownFileType = sourcecode.swift; path = TripItem.swift; sourceTree = "<group>"; };
		4C981BFB10A6C71F74907257 /* SwiftDataTripSessionRepository.swift */ = {isa = PBXFileReference; lastKnownFileType = sourcecode.swift; path = SwiftDataTripSessionRepository.swift; sourceTree = "<group>"; };
		4E173319E9FA785CD701E449 /* MasterItem.swift */ = {isa = PBXFileReference; lastKnownFileType = sourcecode.swift; path = MasterItem.swift; sourceTree = "<group>"; };
		4F742F88F875248408C54E06 /* MasterItemRepository.swift */ = {isa = PBXFileReference; lastKnownFileType = sourcecode.swift; path = MasterItemRepository.swift; sourceTree = "<group>"; };
		50CC6DA1AAFDD4D9AB6C6E85 /* .gitkeep */ = {isa = PBXFileReference; lastKnownFileType = text; path = .gitkeep; sourceTree = "<group>"; };
		5ECB5F8B386514C654BBE1E9 /* NewTripViewModel.swift */ = {isa = PBXFileReference; lastKnownFileType = sourcecode.swift; path = NewTripViewModel.swift; sourceTree = "<group>"; };
		63B42C07F95BAEB97E313D96 /* PendingSuggestion.swift */ = {isa = PBXFileReference; lastKnownFileType = sourcecode.swift; path = PendingSuggestion.swift; sourceTree = "<group>"; };
		64A12C6D76A50997C8CA0800 /* TripDetailViewModel.swift */ = {isa = PBXFileReference; lastKnownFileType = sourcecode.swift; path = TripDetailViewModel.swift; sourceTree = "<group>"; };
		A1521001A1521001A1521001 /* TripSettingsViewModel.swift */ = {isa = PBXFileReference; lastKnownFileType = sourcecode.swift; path = TripSettingsViewModel.swift; sourceTree = "<group>"; };
		A1521003A1521003A1521003 /* TripSettingsView.swift */ = {isa = PBXFileReference; lastKnownFileType = sourcecode.swift; path = TripSettingsView.swift; sourceTree = "<group>"; };
		64F46B8496E5A2B364C01053 /* QuantityRule.swift */ = {isa = PBXFileReference; lastKnownFileType = sourcecode.swift; path = QuantityRule.swift; sourceTree = "<group>"; };
		715129D87A24E63D4FA7F554 /* Enums.swift */ = {isa = PBXFileReference; lastKnownFileType = sourcecode.swift; path = Enums.swift; sourceTree = "<group>"; };
		76ADB60C49104044689AF712 /* ContentView.swift */ = {isa = PBXFileReference; lastKnownFileType = sourcecode.swift; path = ContentView.swift; sourceTree = "<group>"; };
		7EA7237A1890C8990BA9C852 /* SwiftDataPendingSuggestionRepository.swift */ = {isa = PBXFileReference; lastKnownFileType = sourcecode.swift; path = SwiftDataPendingSuggestionRepository.swift; sourceTree = "<group>"; };
		849288E1432F1A054F4D4E49 /* PackList.app */ = {isa = PBXFileReference; includeInIndex = 0; lastKnownFileType = wrapper.application; path = PackList.app; sourceTree = BUILT_PRODUCTS_DIR; };
		8B0A40905C8329393E1D3AA5 /* SwiftDataTripItemRepository.swift */ = {isa = PBXFileReference; lastKnownFileType = sourcecode.swift; path = SwiftDataTripItemRepository.swift; sourceTree = "<group>"; };
		93C413942B93D93169C6F781 /* Assets.xcassets */ = {isa = PBXFileReference; lastKnownFileType = folder.assetcatalog; path = Assets.xcassets; sourceTree = "<group>"; };
		9F469D2ED106426FADB30C94 /* TasksTabView.swift */ = {isa = PBXFileReference; lastKnownFileType = sourcecode.swift; path = TasksTabView.swift; sourceTree = "<group>"; };
		A02A7347CFB68D84511C78D3 /* TripItemRepository.swift */ = {isa = PBXFileReference; lastKnownFileType = sourcecode.swift; path = TripItemRepository.swift; sourceTree = "<group>"; };
		A590D447816248599EE5DC11 /* MasterListView.swift */ = {isa = PBXFileReference; lastKnownFileType = sourcecode.swift; path = MasterListView.swift; sourceTree = "<group>"; };
		CC230002CC230002CC230002 /* AddMasterItemView.swift */ = {isa = PBXFileReference; lastKnownFileType = sourcecode.swift; path = AddMasterItemView.swift; sourceTree = "<group>"; };
		A782456B8A965F7C840C4C20 /* NewTripView.swift */ = {isa = PBXFileReference; lastKnownFileType = sourcecode.swift; path = NewTripView.swift; sourceTree = "<group>"; };
		A8024FC2863C181612B2B89A /* HomeView.swift */ = {isa = PBXFileReference; lastKnownFileType = sourcecode.swift; path = HomeView.swift; sourceTree = "<group>"; };
		A94FE458BD7A12AC86FCCB74 /* PackListTests.xctest */ = {isa = PBXFileReference; explicitFileType = wrapper.cfbundle; includeInIndex = 0; path = PackListTests.xctest; sourceTree = BUILT_PRODUCTS_DIR; };
		B194C4473A49789ECED2D9EF /* ItemInsightRepository.swift */ = {isa = PBXFileReference; lastKnownFileType = sourcecode.swift; path = ItemInsightRepository.swift; sourceTree = "<group>"; };
		B95D6D8FFFD3B47DCCE24824 /* PackListApp.swift */ = {isa = PBXFileReference; lastKnownFileType = sourcecode.swift; path = PackListApp.swift; sourceTree = "<group>"; };
		C4635534DA022F06CB2DC68E /* ItemInsight.swift */ = {isa = PBXFileReference; lastKnownFileType = sourcecode.swift; path = ItemInsight.swift; sourceTree = "<group>"; };
		CF3AFD96EBEB15D7D1FD2A37 /* ReplaceabilityRule.swift */ = {isa = PBXFileReference; lastKnownFileType = sourcecode.swift; path = ReplaceabilityRule.swift; sourceTree = "<group>"; };
		D1207BA2945A0FAFFDEDA826 /* HomeViewModel.swift */ = {isa = PBXFileReference; lastKnownFileType = sourcecode.swift; path = HomeViewModel.swift; sourceTree = "<group>"; };
		AA135001AA135001AA135001 /* ProfileViewModel.swift */ = {isa = PBXFileReference; lastKnownFileType = sourcecode.swift; path = ProfileViewModel.swift; sourceTree = "<group>"; };
		BB200001BB200001BB200001 /* MasterListViewModel.swift */ = {isa = PBXFileReference; lastKnownFileType = sourcecode.swift; path = MasterListViewModel.swift; sourceTree = "<group>"; };
		BC300001BC300001BC300001 /* OnboardingViewModel.swift */ = {isa = PBXFileReference; lastKnownFileType = sourcecode.swift; path = OnboardingViewModel.swift; sourceTree = "<group>"; };
		BC300003BC300003BC300003 /* OnboardingView.swift */ = {isa = PBXFileReference; lastKnownFileType = sourcecode.swift; path = OnboardingView.swift; sourceTree = "<group>"; };
		D3EE44A2859D10DC98A781DC /* PackListTests.swift */ = {isa = PBXFileReference; lastKnownFileType = sourcecode.swift; path = PackListTests.swift; sourceTree = "<group>"; };
		DC8FE75F40765FAADB8A1176 /* RepositoryContainer.swift */ = {isa = PBXFileReference; lastKnownFileType = sourcecode.swift; path = RepositoryContainer.swift; sourceTree = "<group>"; };
		E49F0BDA6C45F55FC7F0C694 /* Info.plist */ = {isa = PBXFileReference; lastKnownFileType = text.plist; path = Info.plist; sourceTree = "<group>"; };
		E578BE0C4491E2CE40D78899 /* SwiftDataItemInsightRepository.swift */ = {isa = PBXFileReference; lastKnownFileType = sourcecode.swift; path = SwiftDataItemInsightRepository.swift; sourceTree = "<group>"; };
		E5ED70E357A6B8CA9FFC1CC0 /* .gitkeep */ = {isa = PBXFileReference; lastKnownFileType = text; path = .gitkeep; sourceTree = "<group>"; };
		EF0551A5E4104DFAA7943999 /* ProfileView.swift */ = {isa = PBXFileReference; lastKnownFileType = sourcecode.swift; path = ProfileView.swift; sourceTree = "<group>"; };
		F18C8E3DF2BAC53703E2E96B /* TripSession.swift */ = {isa = PBXFileReference; lastKnownFileType = sourcecode.swift; path = TripSession.swift; sourceTree = "<group>"; };
		AA117001AA117001AA117001 /* AddCustomItemView.swift */ = {isa = PBXFileReference; lastKnownFileType = sourcecode.swift; path = AddCustomItemView.swift; sourceTree = "<group>"; };
		CC220001CC220001CC220001 /* EditPackingItemView.swift */ = {isa = PBXFileReference; lastKnownFileType = sourcecode.swift; path = EditPackingItemView.swift; sourceTree = "<group>"; };
		FBA09BC8731D4BB79F402BF7 /* PackingTabView.swift */ = {isa = PBXFileReference; lastKnownFileType = sourcecode.swift; path = PackingTabView.swift; sourceTree = "<group>"; };
		AA000001000000000000001 /* PackListSchemaV1.swift */ = {isa = PBXFileReference; lastKnownFileType = sourcecode.swift; path = PackListSchemaV1.swift; sourceTree = "<group>"; };
		AA000002000000000000001 /* PackListMigrationPlan.swift */ = {isa = PBXFileReference; lastKnownFileType = sourcecode.swift; path = PackListMigrationPlan.swift; sourceTree = "<group>"; };
		EEEE0002EEEE0002EEEE0002 /* PackListUITests.swift */ = {isa = PBXFileReference; lastKnownFileType = sourcecode.swift; path = PackListUITests.swift; sourceTree = "<group>"; };
		EEEE0003EEEE0003EEEE0003 /* PackListUITests.xctest */ = {isa = PBXFileReference; explicitFileType = wrapper.cfbundle; includeInIndex = 0; path = PackListUITests.xctest; sourceTree = BUILT_PRODUCTS_DIR; };
/* End PBXFileReference section */

/* Begin PBXGroup section */
		0D15CBFBF00AFFC618952B4F /* Models */ = {
			isa = PBXGroup;
			children = (
				715129D87A24E63D4FA7F554 /* Enums.swift */,
				C4635534DA022F06CB2DC68E /* ItemInsight.swift */,
				4E173319E9FA785CD701E449 /* MasterItem.swift */,
				63B42C07F95BAEB97E313D96 /* PendingSuggestion.swift */,
				D1D446F9B50A4338800DE83A /* TripInfo.swift */,
				4B392AB686CF4CA4FC72F3E6 /* TripItem.swift */,
				F18C8E3DF2BAC53703E2E96B /* TripSession.swift */,
				AA000003000000000000001 /* Migration */,
				EF21D0E1047653A5A77695FA /* Supporting */,
			);
			path = Models;
			sourceTree = "<group>";
		};
		AA000003000000000000001 /* Migration */ = {
			isa = PBXGroup;
			children = (
				AA000001000000000000001 /* PackListSchemaV1.swift */,
				AA000002000000000000001 /* PackListMigrationPlan.swift */,
			);
			path = Migration;
			sourceTree = "<group>";
		};
		0F79D50138B64F058BB3A6CD /* Tasks */ = {
			isa = PBXGroup;
			children = (
				9F469D2ED106426FADB30C94 /* TasksTabView.swift */,
			);
			path = Tasks;
			sourceTree = "<group>";
		};
		10B403022F82DCF4BE8F3D84 /* Home */ = {
			isa = PBXGroup;
			children = (
				A8024FC2863C181612B2B89A /* HomeView.swift */,
			);
			path = Home;
			sourceTree = "<group>";
		};
		1AD4FB8FB741C08B7BB35384 /* Services */ = {
			isa = PBXGroup;
			children = (
				220BA469B114F4CA9F76D5B9 /* ChecklistEngine.swift */,
				33CACB655272A95791F66BFF /* ImportService.swift */,
				24D01AADFE4616BE261ABDCF /* WeatherService.swift */,
			);
			path = Services;
			sourceTree = "<group>";
		};
		272C0B1B7A904D9083F0DCB6 /* Profile */ = {
			isa = PBXGroup;
			children = (
				EF0551A5E4104DFAA7943999 /* ProfileView.swift */,
			);
			path = Profile;
			sourceTree = "<group>";
		};
		3596093607D36AC32832A76D /* PackList */ = {
			isa = PBXGroup;
			children = (
				76ADB60C49104044689AF712 /* ContentView.swift */,
				E49F0BDA6C45F55FC7F0C694 /* Info.plist */,
				B95D6D8FFFD3B47DCCE24824 /* PackListApp.swift */,
				0D15CBFBF00AFFC618952B4F /* Models */,
				F905BA73A04BE0A35285C8FC /* Repositories */,
				F4E000595D488C9C7DF0BA9A /* Resources */,
				1AD4FB8FB741C08B7BB35384 /* Services */,
				F03F45756EC27775E5AFB255 /* Tests */,
				EEEE0001EEEE0001EEEE0001 /* UITests */,
				A5976802A613C1F9C01ECDEC /* ViewModels */,
				44E243027061CD0D7655BABA /* Views */,
			);
			path = PackList;
			sourceTree = "<group>";
		};
		44E243027061CD0D7655BABA /* Views */ = {
			isa = PBXGroup;
			children = (
				50CC6DA1AAFDD4D9AB6C6E85 /* .gitkeep */,
				10B403022F82DCF4BE8F3D84 /* Home */,
				6A644ABB91D8459D8ECD523D /* MasterList */,
				BC300005BC300005BC300005 /* Onboarding */,
				7BCD1FBEF0F149088C3A65FE /* Packing */,
				272C0B1B7A904D9083F0DCB6 /* Profile */,
				0F79D50138B64F058BB3A6CD /* Tasks */,
				D24DD23BDF2E6F5B4ACCC6FB /* Trip */,
			);
			path = Views;
			sourceTree = "<group>";
		};
		BC300005BC300005BC300005 /* Onboarding */ = {
			isa = PBXGroup;
			children = (
				BC300003BC300003BC300003 /* OnboardingView.swift */,
			);
			path = Onboarding;
			sourceTree = "<group>";
		};
		6A644ABB91D8459D8ECD523D /* MasterList */ = {
			isa = PBXGroup;
			children = (
				CC230002CC230002CC230002 /* AddMasterItemView.swift */,
				A590D447816248599EE5DC11 /* MasterListView.swift */,
			);
			path = MasterList;
			sourceTree = "<group>";
		};
		73587227F8238879BFFE557E = {
			isa = PBXGroup;
			children = (
				3596093607D36AC32832A76D /* PackList */,
				B28EF8F5C6E9AEBD5EA01488 /* Products */,
			);
			indentWidth = 4;
			sourceTree = "<group>";
			tabWidth = 4;
			usesTabs = 0;
		};
		7BCD1FBEF0F149088C3A65FE /* Packing */ = {
			isa = PBXGroup;
			children = (
				AA117001AA117001AA117001 /* AddCustomItemView.swift */,
				CC220001CC220001CC220001 /* EditPackingItemView.swift */,
				FBA09BC8731D4BB79F402BF7 /* PackingTabView.swift */,
			);
			path = Packing;
			sourceTree = "<group>";
		};
		8B546F4B226FA5984EB33E62 /* Protocols */ = {
			isa = PBXGroup;
			children = (
				B194C4473A49789ECED2D9EF /* ItemInsightRepository.swift */,
				4F742F88F875248408C54E06 /* MasterItemRepository.swift */,
				3D5D1649BA80085AB9AE5112 /* PendingSuggestionRepository.swift */,
				BAC8548F710E447397C72613 /* TripInfoRepository.swift */,
				A02A7347CFB68D84511C78D3 /* TripItemRepository.swift */,
				11D2DC008310A0B5751D2B6D /* TripSessionRepository.swift */,
			);
			path = Protocols;
			sourceTree = "<group>";
		};
		9DC8F422F80F5361D23FA8CA /* SeedData */ = {
			isa = PBXGroup;
			children = (
				238B969C326344064ADA73EB /* master_items.json */,
			);
			path = SeedData;
			sourceTree = "<group>";
		};
		A5976802A613C1F9C01ECDEC /* ViewModels */ = {
			isa = PBXGroup;
			children = (
				E5ED70E357A6B8CA9FFC1CC0 /* .gitkeep */,
				D1207BA2945A0FAFFDEDA826 /* HomeViewModel.swift */,
				5ECB5F8B386514C654BBE1E9 /* NewTripViewModel.swift */,
				AA135001AA135001AA135001 /* ProfileViewModel.swift */,
				BB200001BB200001BB200001 /* MasterListViewModel.swift */,
				BC300001BC300001BC300001 /* OnboardingViewModel.swift */,
				64A12C6D76A50997C8CA0800 /* TripDetailViewModel.swift */,
				A1521001A1521001A1521001 /* TripSettingsViewModel.swift */,
				8C4B276FE8F444A0929F2812 /* TripInfoViewModel.swift */,
			);
			path = ViewModels;
			sourceTree = "<group>";
		};
		B28EF8F5C6E9AEBD5EA01488 /* Products */ = {
			isa = PBXGroup;
			children = (
				849288E1432F1A054F4D4E49 /* PackList.app */,
				A94FE458BD7A12AC86FCCB74 /* PackListTests.xctest */,
				EEEE0003EEEE0003EEEE0003 /* PackListUITests.xctest */,
			);
			name = Products;
			sourceTree = "<group>";
		};
		D24DD23BDF2E6F5B4ACCC6FB /* Trip */ = {
			isa = PBXGroup;
			children = (
				BB151001BB151001BB151001 /* EditTripMetadataView.swift */,
				A782456B8A965F7C840C4C20 /* NewTripView.swift */,
				41ECDB90C4FDC693C96EC06B /* TripDetailView.swift */,
				A3F0FC88950C4E1D8BBA6C6B /* TripInfoView.swift */,
				A1521003A1521003A1521003 /* TripSettingsView.swift */,
			);
			path = Trip;
			sourceTree = "<group>";
		};
		EF21D0E1047653A5A77695FA /* Supporting */ = {
			isa = PBXGroup;
			children = (
				64F46B8496E5A2B364C01053 /* QuantityRule.swift */,
				CF3AFD96EBEB15D7D1FD2A37 /* ReplaceabilityRule.swift */,
			);
			path = Supporting;
			sourceTree = "<group>";
		};
		EEEE0001EEEE0001EEEE0001 /* UITests */ = {
			isa = PBXGroup;
			children = (
				EEEE0002EEEE0002EEEE0002 /* PackListUITests.swift */,
			);
			path = UITests;
			sourceTree = "<group>";
		};
		F03F45756EC27775E5AFB255 /* Tests */ = {
			isa = PBXGroup;
			children = (
				0A9DD7B960ABB165BAD88227 /* ChecklistEngineTests.swift */,
				D3EE44A2859D10DC98A781DC /* PackListTests.swift */,
				BB10000100000000000000001 /* ViewModelTests.swift */,
			);
			path = Tests;
			sourceTree = "<group>";
		};
		F4E000595D488C9C7DF0BA9A /* Resources */ = {
			isa = PBXGroup;
			children = (
				93C413942B93D93169C6F781 /* Assets.xcassets */,
				9DC8F422F80F5361D23FA8CA /* SeedData */,
			);
			path = Resources;
			sourceTree = "<group>";
		};
		F905BA73A04BE0A35285C8FC /* Repositories */ = {
			isa = PBXGroup;
			children = (
				DC8FE75F40765FAADB8A1176 /* RepositoryContainer.swift */,
				E578BE0C4491E2CE40D78899 /* SwiftDataItemInsightRepository.swift */,
				2B0049C3396D34C32E9C1B5A /* SwiftDataMasterItemRepository.swift */,
				7EA7237A1890C8990BA9C852 /* SwiftDataPendingSuggestionRepository.swift */,
				E9C6421A77A64F5F80685CCF /* SwiftDataTripInfoRepository.swift */,
				8B0A40905C8329393E1D3AA5 /* SwiftDataTripItemRepository.swift */,
				4C981BFB10A6C71F74907257 /* SwiftDataTripSessionRepository.swift */,
				8B546F4B226FA5984EB33E62 /* Protocols */,
			);
			path = Repositories;
			sourceTree = "<group>";
		};
/* End PBXGroup section */

/* Begin PBXNativeTarget section */
		BBB2938114751309ACEF944A /* PackList */ = {
			isa = PBXNativeTarget;
			buildConfigurationList = 6079B6C4AA87EF77C30854C4 /* Build configuration list for PBXNativeTarget "PackList" */;
			buildPhases = (
				FD9F7EE3BA7ED3696B016061 /* Sources */,
				325FF7D07748052B7378F921 /* Resources */,
			);
			buildRules = (
			);
			dependencies = (
			);
			name = PackList;
			packageProductDependencies = (
			);
			productName = PackList;
			productReference = 849288E1432F1A054F4D4E49 /* PackList.app */;
			productType = "com.apple.product-type.application";
		};
		F2A3854FE2979A23E2740EA5 /* PackListTests */ = {
			isa = PBXNativeTarget;
			buildConfigurationList = 2BDF2BB9EC3C568C022852AD /* Build configuration list for PBXNativeTarget "PackListTests" */;
			buildPhases = (
				77EC50347B66F0787234C681 /* Sources */,
			);
			buildRules = (
			);
			dependencies = (
				81C2453C472B357797A971FF /* PBXTargetDependency */,
			);
			name = PackListTests;
			packageProductDependencies = (
			);
			productName = PackListTests;
			productReference = A94FE458BD7A12AC86FCCB74 /* PackListTests.xctest */;
			productType = "com.apple.product-type.bundle.unit-test";
		};
		EEEE0005EEEE0005EEEE0005 /* PackListUITests */ = {
			isa = PBXNativeTarget;
			buildConfigurationList = EEEE000BEEEE000BEEEE000B /* Build configuration list for PBXNativeTarget "PackListUITests" */;
			buildPhases = (
				EEEE0008EEEE0008EEEE0008 /* Sources */,
			);
			buildRules = (
			);
			dependencies = (
				EEEE0007EEEE0007EEEE0007 /* PBXTargetDependency */,
			);
			name = PackListUITests;
			packageProductDependencies = (
			);
			productName = PackListUITests;
			productReference = EEEE0003EEEE0003EEEE0003 /* PackListUITests.xctest */;
			productType = "com.apple.product-type.bundle.ui-testing";
		};
/* End PBXNativeTarget section */

/* Begin PBXProject section */
		CBD96379E0CF83212DDE5607 /* Project object */ = {
			isa = PBXProject;
			attributes = {
				BuildIndependentTargetsInParallel = YES;
				LastUpgradeCheck = 1430;
			};
			buildConfigurationList = ED454F40967BBA9CBC1E166E /* Build configuration list for PBXProject "PackList" */;
			developmentRegion = en;
			hasScannedForEncodings = 0;
			knownRegions = (
				Base,
				en,
			);
			mainGroup = 73587227F8238879BFFE557E;
			minimizedProjectReferenceProxies = 1;
			preferredProjectObjectVersion = 77;
			productRefGroup = B28EF8F5C6E9AEBD5EA01488 /* Products */;
			projectDirPath = "";
			projectRoot = "";
			targets = (
				BBB2938114751309ACEF944A /* PackList */,
				F2A3854FE2979A23E2740EA5 /* PackListTests */,
				EEEE0005EEEE0005EEEE0005 /* PackListUITests */,
			);
		};
/* End PBXProject section */

/* Begin PBXResourcesBuildPhase section */
		325FF7D07748052B7378F921 /* Resources */ = {
			isa = PBXResourcesBuildPhase;
			buildActionMask = 2147483647;
			files = (
				C69B9B68F4E3A51AFCDFF16D /* Assets.xcassets in Resources */,
				9BB754CBC6E719F3411F7F17 /* master_items.json in Resources */,
			);
			runOnlyForDeploymentPostprocessing = 0;
		};
/* End PBXResourcesBuildPhase section */

/* Begin PBXSourcesBuildPhase section */
		77EC50347B66F0787234C681 /* Sources */ = {
			isa = PBXSourcesBuildPhase;
			buildActionMask = 2147483647;
			files = (
				CE50DED818D50F946D8C0F8C /* ChecklistEngineTests.swift in Sources */,
				732C2F42D1A9F7532C162B9C /* PackListTests.swift in Sources */,
				BB10000200000000000000001 /* ViewModelTests.swift in Sources */,
			);
			runOnlyForDeploymentPostprocessing = 0;
		};
		FD9F7EE3BA7ED3696B016061 /* Sources */ = {
			isa = PBXSourcesBuildPhase;
			buildActionMask = 2147483647;
			files = (
				CC230001CC230001CC230001 /* AddMasterItemView.swift in Sources */,
				37662EC27A2F4D90991D2470 /* MasterListView.swift in Sources */,
				41977EEBB0B361098BDFE9C0 /* ChecklistEngine.swift in Sources */,
				77B65949493F47DB89DE102E /* TasksTabView.swift in Sources */,
				80D5B1FC5E6A40698A2706F7 /* ProfileView.swift in Sources */,
				AA135002AA135002AA135002 /* ProfileViewModel.swift in Sources */,
				AA117002AA117002AA117002 /* AddCustomItemView.swift in Sources */,
				CC220002CC220002CC220002 /* EditPackingItemView.swift in Sources */,
				ADB0AFFA130248A8BA1065D0 /* PackingTabView.swift in Sources */,
				D5E00EBF68E8B422F4564A5C /* ContentView.swift in Sources */,
				4CB8BA6D88C0FFD1768A41F6 /* Enums.swift in Sources */,
				79C7FC5697C79F9639F8BA72 /* HomeView.swift in Sources */,
				6F0C749F7F4FD16D7179E9F2 /* HomeViewModel.swift in Sources */,
				6EAEE6A4EC973B50035A6384 /* ImportService.swift in Sources */,
				11F96F14846B00669D5CE485 /* ItemInsight.swift in Sources */,
				617F0F6F1AAE606CABE756E7 /* ItemInsightRepository.swift in Sources */,
				20B1F59084706451335AEBA2 /* MasterItem.swift in Sources */,
				3C609348FADD98BE70EE2EB3 /* MasterItemRepository.swift in Sources */,
				197B7E87309A1669D45F8BDB /* NewTripView.swift in Sources */,
				7286832A86DDC4FD1E540B15 /* NewTripViewModel.swift in Sources */,
				0F6D19B39FDEDE13574FCA9E /* PackListApp.swift in Sources */,
				6CAFB2A1EC1111E83BEAA99E /* PendingSuggestion.swift in Sources */,
				98E56A316F147171C2A4B7CC /* PendingSuggestionRepository.swift in Sources */,
				49C539B3EDBDF8214C8778B5 /* QuantityRule.swift in Sources */,
				651889942C79EB3911D85E4D /* ReplaceabilityRule.swift in Sources */,
				6F53752846501D9650898894 /* RepositoryContainer.swift in Sources */,
				E0B9B67C3CA1BD6BA979FF3C /* SwiftDataItemInsightRepository.swift in Sources */,
				C2709F4DD7122B9B2E051E7E /* SwiftDataMasterItemRepository.swift in Sources */,
				51FE4F758881ACDC8BC76CC0 /* SwiftDataPendingSuggestionRepository.swift in Sources */,
				563A3D38A4411B2251956D40 /* SwiftDataTripItemRepository.swift in Sources */,
				F17B532DFDBBD86410B81069 /* SwiftDataTripSessionRepository.swift in Sources */,
				29D3494D521F4C16BC58B557 /* SwiftDataTripInfoRepository.swift in Sources */,
				32DAD796FAB34DAEA4F5967C /* TripInfoRepository.swift in Sources */,
				5D501BCB2E8748B3B8AA7A56 /* TripInfo.swift in Sources */,
				BB151002BB151002BB151002 /* EditTripMetadataView.swift in Sources */,
				62BA8F8AD0522C440082E430 /* TripDetailView.swift in Sources */,
				029CDAAADF9AE9B75CD99D3E /* TripDetailViewModel.swift in Sources */,
				A1521004A1521004A1521004 /* TripSettingsView.swift in Sources */,
				A1521002A1521002A1521002 /* TripSettingsViewModel.swift in Sources */,
				A63BD6908E1F49388B028BBF /* TripInfoViewModel.swift in Sources */,
				F4C06C96E78F411CA3FBC387 /* TripInfoView.swift in Sources */,
				4F1772C17B7DDF1963DD5D12 /* TripItem.swift in Sources */,
				0DB060D4C6B1488D7C1D5B1C /* TripItemRepository.swift in Sources */,
				0C60AAD2AF89792CCCA7F97C /* TripSession.swift in Sources */,
				DA8B3A345FFA9B0C8893EF2F /* TripSessionRepository.swift in Sources */,
				2134F7F6DABE2B7152515106 /* WeatherService.swift in Sources */,
				BB200002BB200002BB200002 /* MasterListViewModel.swift in Sources */,
				BC300002BC300002BC300002 /* OnboardingViewModel.swift in Sources */,
				BC300004BC300004BC300004 /* OnboardingView.swift in Sources */,
				AA000004000000000000001 /* PackListSchemaV1.swift in Sources */,
				AA000005000000000000001 /* PackListMigrationPlan.swift in Sources */,
			);
			runOnlyForDeploymentPostprocessing = 0;
		};
		EEEE0008EEEE0008EEEE0008 /* Sources */ = {
			isa = PBXSourcesBuildPhase;
			buildActionMask = 2147483647;
			files = (
				EEEE0004EEEE0004EEEE0004 /* PackListUITests.swift in Sources */,
			);
			runOnlyForDeploymentPostprocessing = 0;
		};
/* End PBXSourcesBuildPhase section */

/* Begin PBXTargetDependency section */
		81C2453C472B357797A971FF /* PBXTargetDependency */ = {
			isa = PBXTargetDependency;
			target = BBB2938114751309ACEF944A /* PackList */;
			targetProxy = 4AE2BBD6CB3A65CDB6D4706F /* PBXContainerItemProxy */;
		};
		EEEE0007EEEE0007EEEE0007 /* PBXTargetDependency */ = {
			isa = PBXTargetDependency;
			target = BBB2938114751309ACEF944A /* PackList */;
			targetProxy = EEEE0006EEEE0006EEEE0006 /* PBXContainerItemProxy */;
		};
/* End PBXTargetDependency section */

/* Begin XCBuildConfiguration section */
		213923BA36B209370FAEEF22 /* Release */ = {
			isa = XCBuildConfiguration;
			buildSettings = {
				ALWAYS_SEARCH_USER_PATHS = NO;
				CLANG_ANALYZER_NONNULL = YES;
				CLANG_ANALYZER_NUMBER_OBJECT_CONVERSION = YES_AGGRESSIVE;
				CLANG_CXX_LANGUAGE_STANDARD = "gnu++14";
				CLANG_CXX_LIBRARY = "libc++";
				CLANG_ENABLE_MODULES = YES;
				CLANG_ENABLE_OBJC_ARC = YES;
				CLANG_ENABLE_OBJC_WEAK = YES;
				CLANG_WARN_BLOCK_CAPTURE_AUTORELEASING = YES;
				CLANG_WARN_BOOL_CONVERSION = YES;
				CLANG_WARN_COMMA = YES;
				CLANG_WARN_CONSTANT_CONVERSION = YES;
				CLANG_WARN_DEPRECATED_OBJC_IMPLEMENTATIONS = YES;
				CLANG_WARN_DIRECT_OBJC_ISA_USAGE = YES_ERROR;
				CLANG_WARN_DOCUMENTATION_COMMENTS = YES;
				CLANG_WARN_EMPTY_BODY = YES;
				CLANG_WARN_ENUM_CONVERSION = YES;
				CLANG_WARN_INFINITE_RECURSION = YES;
				CLANG_WARN_INT_CONVERSION = YES;
				CLANG_WARN_NON_LITERAL_NULL_CONVERSION = YES;
				CLANG_WARN_OBJC_IMPLICIT_RETAIN_SELF = YES;
				CLANG_WARN_OBJC_LITERAL_CONVERSION = YES;
				CLANG_WARN_OBJC_ROOT_CLASS = YES_ERROR;
				CLANG_WARN_QUOTED_INCLUDE_IN_FRAMEWORK_HEADER = YES;
				CLANG_WARN_RANGE_LOOP_ANALYSIS = YES;
				CLANG_WARN_STRICT_PROTOTYPES = YES;
				CLANG_WARN_SUSPICIOUS_MOVE = YES;
				CLANG_WARN_UNGUARDED_AVAILABILITY = YES_AGGRESSIVE;
				CLANG_WARN_UNREACHABLE_CODE = YES;
				CLANG_WARN__DUPLICATE_METHOD_MATCH = YES;
				COPY_PHASE_STRIP = NO;
				CURRENT_PROJECT_VERSION = 1;
				DEBUG_INFORMATION_FORMAT = "dwarf-with-dsym";
				ENABLE_NS_ASSERTIONS = NO;
				ENABLE_STRICT_OBJC_MSGSEND = YES;
				GCC_C_LANGUAGE_STANDARD = gnu11;
				GCC_NO_COMMON_BLOCKS = YES;
				GCC_WARN_64_TO_32_BIT_CONVERSION = YES;
				GCC_WARN_ABOUT_RETURN_TYPE = YES_ERROR;
				GCC_WARN_UNDECLARED_SELECTOR = YES;
				GCC_WARN_UNINITIALIZED_AUTOS = YES_AGGRESSIVE;
				GCC_WARN_UNUSED_FUNCTION = YES;
				GCC_WARN_UNUSED_VARIABLE = YES;
				IPHONEOS_DEPLOYMENT_TARGET = 17.0;
				MARKETING_VERSION = 1.0.0;
				MTL_ENABLE_DEBUG_INFO = NO;
				MTL_FAST_MATH = YES;
				PRODUCT_NAME = "$(TARGET_NAME)";
				SDKROOT = iphoneos;
				SWIFT_COMPILATION_MODE = wholemodule;
				SWIFT_OPTIMIZATION_LEVEL = "-O";
				SWIFT_VERSION = 5.9;
			};
			name = Release;
		};
		4370846254D881FD14B37E41 /* Release */ = {
			isa = XCBuildConfiguration;
			buildSettings = {
				BUNDLE_LOADER = "$(TEST_HOST)";
				DEVELOPMENT_TEAM = 8WXGQKFXC3;
				GENERATE_INFOPLIST_FILE = YES;
				IPHONEOS_DEPLOYMENT_TARGET = 17.0;
				LD_RUNPATH_SEARCH_PATHS = (
					"$(inherited)",
					"@executable_path/Frameworks",
					"@loader_path/Frameworks",
				);
				PRODUCT_BUNDLE_IDENTIFIER = com.level19.PackListTests;
				SDKROOT = iphoneos;
				SWIFT_VERSION = 5.9;
				TARGETED_DEVICE_FAMILY = "1,2";
				TEST_HOST = "$(BUILT_PRODUCTS_DIR)/PackList.app/PackList";
			};
			name = Release;
		};
		4D33DA1B2FB4FE3CF260E614 /* Debug */ = {
			isa = XCBuildConfiguration;
			buildSettings = {
				BUNDLE_LOADER = "$(TEST_HOST)";
				DEVELOPMENT_TEAM = 8WXGQKFXC3;
				GENERATE_INFOPLIST_FILE = YES;
				IPHONEOS_DEPLOYMENT_TARGET = 17.0;
				LD_RUNPATH_SEARCH_PATHS = (
					"$(inherited)",
					"@executable_path/Frameworks",
					"@loader_path/Frameworks",
				);
				PRODUCT_BUNDLE_IDENTIFIER = com.level19.PackListTests;
				SDKROOT = iphoneos;
				SWIFT_VERSION = 5.9;
				TARGETED_DEVICE_FAMILY = "1,2";
				TEST_HOST = "$(BUILT_PRODUCTS_DIR)/PackList.app/PackList";
			};
			name = Debug;
		};
		8802D7812B2B6AE7CA83450C /* Debug */ = {
			isa = XCBuildConfiguration;
			buildSettings = {
				ALWAYS_SEARCH_USER_PATHS = NO;
				CLANG_ANALYZER_NONNULL = YES;
				CLANG_ANALYZER_NUMBER_OBJECT_CONVERSION = YES_AGGRESSIVE;
				CLANG_CXX_LANGUAGE_STANDARD = "gnu++14";
				CLANG_CXX_LIBRARY = "libc++";
				CLANG_ENABLE_MODULES = YES;
				CLANG_ENABLE_OBJC_ARC = YES;
				CLANG_ENABLE_OBJC_WEAK = YES;
				CLANG_WARN_BLOCK_CAPTURE_AUTORELEASING = YES;
				CLANG_WARN_BOOL_CONVERSION = YES;
				CLANG_WARN_COMMA = YES;
				CLANG_WARN_CONSTANT_CONVERSION = YES;
				CLANG_WARN_DEPRECATED_OBJC_IMPLEMENTATIONS = YES;
				CLANG_WARN_DIRECT_OBJC_ISA_USAGE = YES_ERROR;
				CLANG_WARN_DOCUMENTATION_COMMENTS = YES;
				CLANG_WARN_EMPTY_BODY = YES;
				CLANG_WARN_ENUM_CONVERSION = YES;
				CLANG_WARN_INFINITE_RECURSION = YES;
				CLANG_WARN_INT_CONVERSION = YES;
				CLANG_WARN_NON_LITERAL_NULL_CONVERSION = YES;
				CLANG_WARN_OBJC_IMPLICIT_RETAIN_SELF = YES;
				CLANG_WARN_OBJC_LITERAL_CONVERSION = YES;
				CLANG_WARN_OBJC_ROOT_CLASS = YES_ERROR;
				CLANG_WARN_QUOTED_INCLUDE_IN_FRAMEWORK_HEADER = YES;
				CLANG_WARN_RANGE_LOOP_ANALYSIS = YES;
				CLANG_WARN_STRICT_PROTOTYPES = YES;
				CLANG_WARN_SUSPICIOUS_MOVE = YES;
				CLANG_WARN_UNGUARDED_AVAILABILITY = YES_AGGRESSIVE;
				CLANG_WARN_UNREACHABLE_CODE = YES;
				CLANG_WARN__DUPLICATE_METHOD_MATCH = YES;
				COPY_PHASE_STRIP = NO;
				CURRENT_PROJECT_VERSION = 1;
				DEBUG_INFORMATION_FORMAT = dwarf;
				ENABLE_STRICT_OBJC_MSGSEND = YES;
				ENABLE_TESTABILITY = YES;
				GCC_C_LANGUAGE_STANDARD = gnu11;
				GCC_DYNAMIC_NO_PIC = NO;
				GCC_NO_COMMON_BLOCKS = YES;
				GCC_OPTIMIZATION_LEVEL = 0;
				GCC_PREPROCESSOR_DEFINITIONS = (
					"$(inherited)",
					"DEBUG=1",
				);
				GCC_WARN_64_TO_32_BIT_CONVERSION = YES;
				GCC_WARN_ABOUT_RETURN_TYPE = YES_ERROR;
				GCC_WARN_UNDECLARED_SELECTOR = YES;
				GCC_WARN_UNINITIALIZED_AUTOS = YES_AGGRESSIVE;
				GCC_WARN_UNUSED_FUNCTION = YES;
				GCC_WARN_UNUSED_VARIABLE = YES;
				IPHONEOS_DEPLOYMENT_TARGET = 17.0;
				MARKETING_VERSION = 1.0.0;
				MTL_ENABLE_DEBUG_INFO = INCLUDE_SOURCE;
				MTL_FAST_MATH = YES;
				ONLY_ACTIVE_ARCH = YES;
				PRODUCT_NAME = "$(TARGET_NAME)";
				SDKROOT = iphoneos;
				SWIFT_ACTIVE_COMPILATION_CONDITIONS = DEBUG;
				SWIFT_OPTIMIZATION_LEVEL = "-Onone";
				SWIFT_VERSION = 5.9;
			};
			name = Debug;
		};
		93B40859EB7D9C451623BC63 /* Debug */ = {
			isa = XCBuildConfiguration;
			buildSettings = {
				ASSETCATALOG_COMPILER_APPICON_NAME = AppIcon;
				ASSETCATALOG_COMPILER_GLOBAL_ACCENT_COLOR_NAME = AccentColor;
				CODE_SIGN_IDENTITY = "iPhone Developer";
				INFOPLIST_FILE = PackList/Info.plist;
				IPHONEOS_DEPLOYMENT_TARGET = 17.0;
				LD_RUNPATH_SEARCH_PATHS = (
					"$(inherited)",
					"@executable_path/Frameworks",
				);
				PRODUCT_BUNDLE_IDENTIFIER = com.level19.PackList;
				SDKROOT = iphoneos;
				TARGETED_DEVICE_FAMILY = "1,2";
			};
			name = Debug;
		};
		9B2ECB4176E86489299C8923 /* Release */ = {
			isa = XCBuildConfiguration;
			buildSettings = {
				ASSETCATALOG_COMPILER_APPICON_NAME = AppIcon;
				ASSETCATALOG_COMPILER_GLOBAL_ACCENT_COLOR_NAME = AccentColor;
				CODE_SIGN_IDENTITY = "iPhone Developer";
				INFOPLIST_FILE = PackList/Info.plist;
				IPHONEOS_DEPLOYMENT_TARGET = 17.0;
				LD_RUNPATH_SEARCH_PATHS = (
					"$(inherited)",
					"@executable_path/Frameworks",
				);
				PRODUCT_BUNDLE_IDENTIFIER = com.level19.PackList;
				SDKROOT = iphoneos;
				TARGETED_DEVICE_FAMILY = "1,2";
			};
			name = Release;
		};
		EEEE0009EEEE0009EEEE0009 /* Debug */ = {
			isa = XCBuildConfiguration;
			buildSettings = {
				DEVELOPMENT_TEAM = 8WXGQKFXC3;
				GENERATE_INFOPLIST_FILE = YES;
				IPHONEOS_DEPLOYMENT_TARGET = 17.0;
				LD_RUNPATH_SEARCH_PATHS = (
					"$(inherited)",
					"@executable_path/Frameworks",
					"@loader_path/Frameworks",
				);
				PRODUCT_BUNDLE_IDENTIFIER = com.level19.PackListUITests;
				SDKROOT = iphoneos;
				SWIFT_VERSION = 5.9;
				TARGETED_DEVICE_FAMILY = "1,2";
				TEST_TARGET_NAME = PackList;
			};
			name = Debug;
		};
		EEEE000AEEEE000AEEEE000A /* Release */ = {
			isa = XCBuildConfiguration;
			buildSettings = {
				DEVELOPMENT_TEAM = 8WXGQKFXC3;
				GENERATE_INFOPLIST_FILE = YES;
				IPHONEOS_DEPLOYMENT_TARGET = 17.0;
				LD_RUNPATH_SEARCH_PATHS = (
					"$(inherited)",
					"@executable_path/Frameworks",
					"@loader_path/Frameworks",
				);
				PRODUCT_BUNDLE_IDENTIFIER = com.level19.PackListUITests;
				SDKROOT = iphoneos;
				SWIFT_VERSION = 5.9;
				TARGETED_DEVICE_FAMILY = "1,2";
				TEST_TARGET_NAME = PackList;
			};
			name = Release;
		};
/* End XCBuildConfiguration section */

/* Begin XCConfigurationList section */
		2BDF2BB9EC3C568C022852AD /* Build configuration list for PBXNativeTarget "PackListTests" */ = {
			isa = XCConfigurationList;
			buildConfigurations = (
				4D33DA1B2FB4FE3CF260E614 /* Debug */,
				4370846254D881FD14B37E41 /* Release */,
			);
			defaultConfigurationIsVisible = 0;
			defaultConfigurationName = Debug;
		};
		6079B6C4AA87EF77C30854C4 /* Build configuration list for PBXNativeTarget "PackList" */ = {
			isa = XCConfigurationList;
			buildConfigurations = (
				93B40859EB7D9C451623BC63 /* Debug */,
				9B2ECB4176E86489299C8923 /* Release */,
			);
			defaultConfigurationIsVisible = 0;
			defaultConfigurationName = Debug;
		};
		ED454F40967BBA9CBC1E166E /* Build configuration list for PBXProject "PackList" */ = {
			isa = XCConfigurationList;
			buildConfigurations = (
				8802D7812B2B6AE7CA83450C /* Debug */,
				213923BA36B209370FAEEF22 /* Release */,
			);
			defaultConfigurationIsVisible = 0;
			defaultConfigurationName = Debug;
		};
		EEEE000BEEEE000BEEEE000B /* Build configuration list for PBXNativeTarget "PackListUITests" */ = {
			isa = XCConfigurationList;
			buildConfigurations = (
				EEEE0009EEEE0009EEEE0009 /* Debug */,
				EEEE000AEEEE000AEEEE000A /* Release */,
			);
			defaultConfigurationIsVisible = 0;
			defaultConfigurationName = Debug;
		};
/* End XCConfigurationList section */
	};
	rootObject = CBD96379E0CF83212DDE5607 /* Project object */;
}
